// !$*UTF8*$!
{
	archiveVersion = 1;
	classes = {
	};
	objectVersion = 50;
	objects = {

/* Begin PBXBuildFile section */
		B04B4409F976E08CED793A23 /* Pods_OrderManager.framework in Frameworks */ = {isa = PBXBuildFile; fileRef = C26604BAEA5C65572C7D1A5C /* Pods_OrderManager.framework */; };
		F056DB3220F71E3A006B8E3E /* SliderDrawerViewController.swift in Sources */ = {isa = PBXBuildFile; fileRef = F056DB3120F71E3A006B8E3E /* SliderDrawerViewController.swift */; };
		F056DB3720F735FC006B8E3E /* DatePickerTool.swift in Sources */ = {isa = PBXBuildFile; fileRef = F056DB3620F735FC006B8E3E /* DatePickerTool.swift */; };
		F056DB3920F73603006B8E3E /* MyPickerTool.xib in Resources */ = {isa = PBXBuildFile; fileRef = F056DB3820F73603006B8E3E /* MyPickerTool.xib */; };
		F056DB3B20F740BA006B8E3E /* SpecialPickerView.swift in Sources */ = {isa = PBXBuildFile; fileRef = F056DB3A20F740BA006B8E3E /* SpecialPickerView.swift */; };
		F056DB3D20F74A96006B8E3E /* UIButton+Ext.swift in Sources */ = {isa = PBXBuildFile; fileRef = F056DB3C20F74A96006B8E3E /* UIButton+Ext.swift */; };
		F056DB3F20F75B8E006B8E3E /* AppDelegate+Note.swift in Sources */ = {isa = PBXBuildFile; fileRef = F056DB3E20F75B8E006B8E3E /* AppDelegate+Note.swift */; };
		F05D894720F5DC8500FB9B5A /* UIView+Ext.swift in Sources */ = {isa = PBXBuildFile; fileRef = F05D894620F5DC8500FB9B5A /* UIView+Ext.swift */; };
		F05D894B20F5DD9600FB9B5A /* KAlertTools.swift in Sources */ = {isa = PBXBuildFile; fileRef = F05D894920F5DD9600FB9B5A /* KAlertTools.swift */; };
		F05D894C20F5DD9600FB9B5A /* KAlertTools.xib in Resources */ = {isa = PBXBuildFile; fileRef = F05D894A20F5DD9600FB9B5A /* KAlertTools.xib */; };
		F05D895E20F5EFBF00FB9B5A /* UITableView+Ext.swift in Sources */ = {isa = PBXBuildFile; fileRef = F05D895D20F5EFBF00FB9B5A /* UITableView+Ext.swift */; };
		F08BC15620F889060016266B /* RegisterViewController.swift in Sources */ = {isa = PBXBuildFile; fileRef = F08BC15420F889060016266B /* RegisterViewController.swift */; };
		F08BC15720F889060016266B /* RegisterViewController.xib in Resources */ = {isa = PBXBuildFile; fileRef = F08BC15520F889060016266B /* RegisterViewController.xib */; };
		F08BC15920F8893B0016266B /* RegisterViewModel.swift in Sources */ = {isa = PBXBuildFile; fileRef = F08BC15820F8893B0016266B /* RegisterViewModel.swift */; };
		F08BC16120F891480016266B /* LeftViewController.swift in Sources */ = {isa = PBXBuildFile; fileRef = F08BC15F20F891480016266B /* LeftViewController.swift */; };
		F08BC16220F891480016266B /* LeftViewController.xib in Resources */ = {isa = PBXBuildFile; fileRef = F08BC16020F891480016266B /* LeftViewController.xib */; };
		F08BC16420F8998A0016266B /* VideoPlayer.swift in Sources */ = {isa = PBXBuildFile; fileRef = F08BC16320F8998A0016266B /* VideoPlayer.swift */; };
		F08BC16620F89A2D0016266B /* 1.mp4 in Resources */ = {isa = PBXBuildFile; fileRef = F08BC16520F89A2C0016266B /* 1.mp4 */; };
		F08BC17220F8A5970016266B /* CostTotalViewController.swift in Sources */ = {isa = PBXBuildFile; fileRef = F08BC17020F8A5970016266B /* CostTotalViewController.swift */; };
		F08BC17320F8A5970016266B /* CostTotalViewController.xib in Resources */ = {isa = PBXBuildFile; fileRef = F08BC17120F8A5970016266B /* CostTotalViewController.xib */; };
		F0962C4620F5CD240086B24A /* AppDelegate.swift in Sources */ = {isa = PBXBuildFile; fileRef = F0962C4520F5CD240086B24A /* AppDelegate.swift */; };
		F0962C4D20F5CD250086B24A /* Assets.xcassets in Resources */ = {isa = PBXBuildFile; fileRef = F0962C4C20F5CD250086B24A /* Assets.xcassets */; };
		F0962C5020F5CD250086B24A /* LaunchScreen.storyboard in Resources */ = {isa = PBXBuildFile; fileRef = F0962C4E20F5CD250086B24A /* LaunchScreen.storyboard */; };
		F0962C5C20F5CDD50086B24A /* BaseNavigationController.swift in Sources */ = {isa = PBXBuildFile; fileRef = F0962C5B20F5CDD50086B24A /* BaseNavigationController.swift */; };
		F0962C5E20F5CDE30086B24A /* BaseViewController.swift in Sources */ = {isa = PBXBuildFile; fileRef = F0962C5D20F5CDE30086B24A /* BaseViewController.swift */; };
		F0962C6A20F5CE5D0086B24A /* UIImage+Ext.swift in Sources */ = {isa = PBXBuildFile; fileRef = F0962C6220F5CE5D0086B24A /* UIImage+Ext.swift */; };
		F0962C6B20F5CE5D0086B24A /* UITextView+Ext.swift in Sources */ = {isa = PBXBuildFile; fileRef = F0962C6320F5CE5D0086B24A /* UITextView+Ext.swift */; };
		F0962C6C20F5CE5D0086B24A /* Date+Ext.swift in Sources */ = {isa = PBXBuildFile; fileRef = F0962C6420F5CE5D0086B24A /* Date+Ext.swift */; };
		F0962C6D20F5CE5D0086B24A /* String+Ext.swift in Sources */ = {isa = PBXBuildFile; fileRef = F0962C6520F5CE5D0086B24A /* String+Ext.swift */; };
		F0962C6E20F5CE5D0086B24A /* UIColor+Ext.swift in Sources */ = {isa = PBXBuildFile; fileRef = F0962C6620F5CE5D0086B24A /* UIColor+Ext.swift */; };
		F0962C6F20F5CE5D0086B24A /* DispatchQueue+Ext.swift in Sources */ = {isa = PBXBuildFile; fileRef = F0962C6720F5CE5D0086B24A /* DispatchQueue+Ext.swift */; };
		F0962C7020F5CE5D0086B24A /* Number+Ext.swift in Sources */ = {isa = PBXBuildFile; fileRef = F0962C6820F5CE5D0086B24A /* Number+Ext.swift */; };
		F0962C7120F5CE5D0086B24A /* ExtensionTool.swift in Sources */ = {isa = PBXBuildFile; fileRef = F0962C6920F5CE5D0086B24A /* ExtensionTool.swift */; };
		F0962C7520F5CE700086B24A /* kSaveDataTool.swift in Sources */ = {isa = PBXBuildFile; fileRef = F0962C7320F5CE700086B24A /* kSaveDataTool.swift */; };
		F0962C7620F5CE700086B24A /* CircleImageView.swift in Sources */ = {isa = PBXBuildFile; fileRef = F0962C7420F5CE700086B24A /* CircleImageView.swift */; };
		F0962C7F20F5CF210086B24A /* HUDViewTool.swift in Sources */ = {isa = PBXBuildFile; fileRef = F0962C7D20F5CF210086B24A /* HUDViewTool.swift */; };
		F0962C8020F5CF210086B24A /* HUDViewTool.xib in Resources */ = {isa = PBXBuildFile; fileRef = F0962C7E20F5CF210086B24A /* HUDViewTool.xib */; };
		F0962C8320F5CFC80086B24A /* DataMacro.swift in Sources */ = {isa = PBXBuildFile; fileRef = F0962C8220F5CFC80086B24A /* DataMacro.swift */; };
		F0962C8D20F5D6CB0086B24A /* FalseNavBarView.swift in Sources */ = {isa = PBXBuildFile; fileRef = F0962C8C20F5D6CB0086B24A /* FalseNavBarView.swift */; };
		F0962C9720F5D94B0086B24A /* RefreshGifHeaderTool.swift in Sources */ = {isa = PBXBuildFile; fileRef = F0962C8F20F5D94B0086B24A /* RefreshGifHeaderTool.swift */; };
		F0962C9820F5D94B0086B24A /* RefreshTool.xib in Resources */ = {isa = PBXBuildFile; fileRef = F0962C9020F5D94B0086B24A /* RefreshTool.xib */; };
		F0962C9920F5D94B0086B24A /* RefreshFooterTool.swift in Sources */ = {isa = PBXBuildFile; fileRef = F0962C9120F5D94B0086B24A /* RefreshFooterTool.swift */; };
		F0962C9A20F5D94B0086B24A /* UIScrollView+Ext.swift in Sources */ = {isa = PBXBuildFile; fileRef = F0962C9220F5D94B0086B24A /* UIScrollView+Ext.swift */; };
		F0962C9B20F5D94B0086B24A /* RefreshGifFooterTool.swift in Sources */ = {isa = PBXBuildFile; fileRef = F0962C9320F5D94B0086B24A /* RefreshGifFooterTool.swift */; };
		F0962C9C20F5D94B0086B24A /* RefreshCommon.swift in Sources */ = {isa = PBXBuildFile; fileRef = F0962C9420F5D94B0086B24A /* RefreshCommon.swift */; };
		F0962C9D20F5D94B0086B24A /* RefreshHeaderTool.swift in Sources */ = {isa = PBXBuildFile; fileRef = F0962C9520F5D94B0086B24A /* RefreshHeaderTool.swift */; };
		F0962C9E20F5D94B0086B24A /* RefreshGifTool.xib in Resources */ = {isa = PBXBuildFile; fileRef = F0962C9620F5D94B0086B24A /* RefreshGifTool.xib */; };
		F09CA4D420FD7D15005BA8BE /* HomeViewModel.swift in Sources */ = {isa = PBXBuildFile; fileRef = F09CA4D320FD7D15005BA8BE /* HomeViewModel.swift */; };
		F09CA4D720FD8CDF005BA8BE /* EditInfoViewController.swift in Sources */ = {isa = PBXBuildFile; fileRef = F09CA4D520FD8CDF005BA8BE /* EditInfoViewController.swift */; };
		F09CA4D820FD8CDF005BA8BE /* EditInfoViewController.xib in Resources */ = {isa = PBXBuildFile; fileRef = F09CA4D620FD8CDF005BA8BE /* EditInfoViewController.xib */; };
		F09CA4DB20FD9430005BA8BE /* ThemeViewController.swift in Sources */ = {isa = PBXBuildFile; fileRef = F09CA4D920FD9430005BA8BE /* ThemeViewController.swift */; };
		F09CA4DC20FD9430005BA8BE /* ThemeViewController.xib in Resources */ = {isa = PBXBuildFile; fileRef = F09CA4DA20FD9430005BA8BE /* ThemeViewController.xib */; };
		F0AAC59D20F83B550057039A /* AddViewModel.swift in Sources */ = {isa = PBXBuildFile; fileRef = F0AAC59020F83B550057039A /* AddViewModel.swift */; };
		F0AAC59E20F83B550057039A /* CostModel.swift in Sources */ = {isa = PBXBuildFile; fileRef = F0AAC59220F83B550057039A /* CostModel.swift */; };
		F0AAC59F20F83B550057039A /* OrderCell.xib in Resources */ = {isa = PBXBuildFile; fileRef = F0AAC59420F83B550057039A /* OrderCell.xib */; };
		F0AAC5A020F83B550057039A /* OrderHeaderView.xib in Resources */ = {isa = PBXBuildFile; fileRef = F0AAC59520F83B550057039A /* OrderHeaderView.xib */; };
		F0AAC5A120F83B550057039A /* OrderCell.swift in Sources */ = {isa = PBXBuildFile; fileRef = F0AAC59620F83B550057039A /* OrderCell.swift */; };
		F0AAC5A220F83B550057039A /* OrderHeaderView.swift in Sources */ = {isa = PBXBuildFile; fileRef = F0AAC59720F83B550057039A /* OrderHeaderView.swift */; };
		F0AAC5A320F83B550057039A /* AddViewController.swift in Sources */ = {isa = PBXBuildFile; fileRef = F0AAC59920F83B550057039A /* AddViewController.swift */; };
		F0AAC5A420F83B550057039A /* HomeViewController.xib in Resources */ = {isa = PBXBuildFile; fileRef = F0AAC59A20F83B550057039A /* HomeViewController.xib */; };
		F0AAC5A520F83B550057039A /* AddViewController.xib in Resources */ = {isa = PBXBuildFile; fileRef = F0AAC59B20F83B550057039A /* AddViewController.xib */; };
		F0AAC5A620F83B550057039A /* HomeViewController.swift in Sources */ = {isa = PBXBuildFile; fileRef = F0AAC59C20F83B550057039A /* HomeViewController.swift */; };
		F0AAC5AB20F83BA80057039A /* ServicerTool.swift in Sources */ = {isa = PBXBuildFile; fileRef = F0AAC5AA20F83BA80057039A /* ServicerTool.swift */; };
		F0AAC5AD20F846C00057039A /* UIBarButtonItem+Ext.swift in Sources */ = {isa = PBXBuildFile; fileRef = F0AAC5AC20F846C00057039A /* UIBarButtonItem+Ext.swift */; };
		F0AAC5B520F870020057039A /* LoginViewController.swift in Sources */ = {isa = PBXBuildFile; fileRef = F0AAC5B320F870020057039A /* LoginViewController.swift */; };
		F0AAC5B620F870020057039A /* LoginViewController.xib in Resources */ = {isa = PBXBuildFile; fileRef = F0AAC5B420F870020057039A /* LoginViewController.xib */; };
		F0AAC5B920F875A00057039A /* StartViewController.swift in Sources */ = {isa = PBXBuildFile; fileRef = F0AAC5B720F875A00057039A /* StartViewController.swift */; };
		F0AAC5BA20F875A00057039A /* StartViewController.xib in Resources */ = {isa = PBXBuildFile; fileRef = F0AAC5B820F875A00057039A /* StartViewController.xib */; };
		F0AAC5BC20F879860057039A /* UIViewController+Ext.swift in Sources */ = {isa = PBXBuildFile; fileRef = F0AAC5BB20F879860057039A /* UIViewController+Ext.swift */; };
		F0AAC5BE20F87A310057039A /* LoginViewModel.swift in Sources */ = {isa = PBXBuildFile; fileRef = F0AAC5BD20F87A310057039A /* LoginViewModel.swift */; };
		F0AAC5C020F87BC90057039A /* LoginModel.swift in Sources */ = {isa = PBXBuildFile; fileRef = F0AAC5BF20F87BC90057039A /* LoginModel.swift */; };
		F0D562F320FC455500AAE095 /* AuthorityTool.swift in Sources */ = {isa = PBXBuildFile; fileRef = F0D562F220FC455500AAE095 /* AuthorityTool.swift */; };
		F0D562F520FC748F00AAE095 /* CameraTool.swift in Sources */ = {isa = PBXBuildFile; fileRef = F0D562F420FC748F00AAE095 /* CameraTool.swift */; };
		F0D562F720FC916E00AAE095 /* UIIImageView+Ext.swift in Sources */ = {isa = PBXBuildFile; fileRef = F0D562F620FC916E00AAE095 /* UIIImageView+Ext.swift */; };
		F0D562FA20FC9BF800AAE095 /* LeftHeaderView.swift in Sources */ = {isa = PBXBuildFile; fileRef = F0D562F820FC9BF800AAE095 /* LeftHeaderView.swift */; };
		F0D562FB20FC9BF800AAE095 /* LeftHeaderView.xib in Resources */ = {isa = PBXBuildFile; fileRef = F0D562F920FC9BF800AAE095 /* LeftHeaderView.xib */; };
		F0D562FD20FCA3D900AAE095 /* LeftViewModel.swift in Sources */ = {isa = PBXBuildFile; fileRef = F0D562FC20FCA3D900AAE095 /* LeftViewModel.swift */; };
		F0D5630020FCA59400AAE095 /* LeftContentCell.swift in Sources */ = {isa = PBXBuildFile; fileRef = F0D562FE20FCA59400AAE095 /* LeftContentCell.swift */; };
		F0D5630120FCA59400AAE095 /* LeftContentCell.xib in Resources */ = {isa = PBXBuildFile; fileRef = F0D562FF20FCA59400AAE095 /* LeftContentCell.xib */; };
/* End PBXBuildFile section */

/* Begin PBXFileReference section */
		AAFDBFFB250B7C43C5FD306A /* Pods-OrderManager.release.xcconfig */ = {isa = PBXFileReference; includeInIndex = 1; lastKnownFileType = text.xcconfig; name = "Pods-OrderManager.release.xcconfig"; path = "Pods/Target Support Files/Pods-OrderManager/Pods-OrderManager.release.xcconfig"; sourceTree = "<group>"; };
		C26604BAEA5C65572C7D1A5C /* Pods_OrderManager.framework */ = {isa = PBXFileReference; explicitFileType = wrapper.framework; includeInIndex = 0; path = Pods_OrderManager.framework; sourceTree = BUILT_PRODUCTS_DIR; };
		F056DB3120F71E3A006B8E3E /* SliderDrawerViewController.swift */ = {isa = PBXFileReference; fileEncoding = 4; lastKnownFileType = sourcecode.swift; path = SliderDrawerViewController.swift; sourceTree = "<group>"; };
		F056DB3620F735FC006B8E3E /* DatePickerTool.swift */ = {isa = PBXFileReference; lastKnownFileType = sourcecode.swift; path = DatePickerTool.swift; sourceTree = "<group>"; };
		F056DB3820F73603006B8E3E /* MyPickerTool.xib */ = {isa = PBXFileReference; lastKnownFileType = file.xib; path = MyPickerTool.xib; sourceTree = "<group>"; };
		F056DB3A20F740BA006B8E3E /* SpecialPickerView.swift */ = {isa = PBXFileReference; lastKnownFileType = sourcecode.swift; path = SpecialPickerView.swift; sourceTree = "<group>"; };
		F056DB3C20F74A96006B8E3E /* UIButton+Ext.swift */ = {isa = PBXFileReference; lastKnownFileType = sourcecode.swift; path = "UIButton+Ext.swift"; sourceTree = "<group>"; };
		F056DB3E20F75B8E006B8E3E /* AppDelegate+Note.swift */ = {isa = PBXFileReference; lastKnownFileType = sourcecode.swift; path = "AppDelegate+Note.swift"; sourceTree = "<group>"; };
		F05D894620F5DC8500FB9B5A /* UIView+Ext.swift */ = {isa = PBXFileReference; lastKnownFileType = sourcecode.swift; path = "UIView+Ext.swift"; sourceTree = "<group>"; };
		F05D894920F5DD9600FB9B5A /* KAlertTools.swift */ = {isa = PBXFileReference; fileEncoding = 4; lastKnownFileType = sourcecode.swift; path = KAlertTools.swift; sourceTree = "<group>"; };
		F05D894A20F5DD9600FB9B5A /* KAlertTools.xib */ = {isa = PBXFileReference; fileEncoding = 4; lastKnownFileType = file.xib; path = KAlertTools.xib; sourceTree = "<group>"; };
		F05D895D20F5EFBF00FB9B5A /* UITableView+Ext.swift */ = {isa = PBXFileReference; lastKnownFileType = sourcecode.swift; path = "UITableView+Ext.swift"; sourceTree = "<group>"; };
		F08BC15420F889060016266B /* RegisterViewController.swift */ = {isa = PBXFileReference; lastKnownFileType = sourcecode.swift; path = RegisterViewController.swift; sourceTree = "<group>"; };
		F08BC15520F889060016266B /* RegisterViewController.xib */ = {isa = PBXFileReference; lastKnownFileType = file.xib; path = RegisterViewController.xib; sourceTree = "<group>"; };
		F08BC15820F8893B0016266B /* RegisterViewModel.swift */ = {isa = PBXFileReference; lastKnownFileType = sourcecode.swift; path = RegisterViewModel.swift; sourceTree = "<group>"; };
		F08BC15F20F891480016266B /* LeftViewController.swift */ = {isa = PBXFileReference; lastKnownFileType = sourcecode.swift; path = LeftViewController.swift; sourceTree = "<group>"; };
		F08BC16020F891480016266B /* LeftViewController.xib */ = {isa = PBXFileReference; lastKnownFileType = file.xib; path = LeftViewController.xib; sourceTree = "<group>"; };
		F08BC16320F8998A0016266B /* VideoPlayer.swift */ = {isa = PBXFileReference; lastKnownFileType = sourcecode.swift; path = VideoPlayer.swift; sourceTree = "<group>"; };
		F08BC16520F89A2C0016266B /* 1.mp4 */ = {isa = PBXFileReference; lastKnownFileType = file; path = 1.mp4; sourceTree = "<group>"; };
		F08BC17020F8A5970016266B /* CostTotalViewController.swift */ = {isa = PBXFileReference; lastKnownFileType = sourcecode.swift; path = CostTotalViewController.swift; sourceTree = "<group>"; };
		F08BC17120F8A5970016266B /* CostTotalViewController.xib */ = {isa = PBXFileReference; lastKnownFileType = file.xib; path = CostTotalViewController.xib; sourceTree = "<group>"; };
		F0962C4220F5CD240086B24A /* OrderManager.app */ = {isa = PBXFileReference; explicitFileType = wrapper.application; includeInIndex = 0; path = OrderManager.app; sourceTree = BUILT_PRODUCTS_DIR; };
		F0962C4520F5CD240086B24A /* AppDelegate.swift */ = {isa = PBXFileReference; lastKnownFileType = sourcecode.swift; path = AppDelegate.swift; sourceTree = "<group>"; };
		F0962C4C20F5CD250086B24A /* Assets.xcassets */ = {isa = PBXFileReference; lastKnownFileType = folder.assetcatalog; path = Assets.xcassets; sourceTree = "<group>"; };
		F0962C4F20F5CD250086B24A /* Base */ = {isa = PBXFileReference; lastKnownFileType = file.storyboard; name = Base; path = Base.lproj/LaunchScreen.storyboard; sourceTree = "<group>"; };
		F0962C5120F5CD250086B24A /* Info.plist */ = {isa = PBXFileReference; lastKnownFileType = text.plist.xml; path = Info.plist; sourceTree = "<group>"; };
		F0962C5B20F5CDD50086B24A /* BaseNavigationController.swift */ = {isa = PBXFileReference; lastKnownFileType = sourcecode.swift; path = BaseNavigationController.swift; sourceTree = "<group>"; };
		F0962C5D20F5CDE30086B24A /* BaseViewController.swift */ = {isa = PBXFileReference; lastKnownFileType = sourcecode.swift; path = BaseViewController.swift; sourceTree = "<group>"; };
		F0962C6220F5CE5D0086B24A /* UIImage+Ext.swift */ = {isa = PBXFileReference; fileEncoding = 4; lastKnownFileType = sourcecode.swift; path = "UIImage+Ext.swift"; sourceTree = "<group>"; };
		F0962C6320F5CE5D0086B24A /* UITextView+Ext.swift */ = {isa = PBXFileReference; fileEncoding = 4; lastKnownFileType = sourcecode.swift; path = "UITextView+Ext.swift"; sourceTree = "<group>"; };
		F0962C6420F5CE5D0086B24A /* Date+Ext.swift */ = {isa = PBXFileReference; fileEncoding = 4; lastKnownFileType = sourcecode.swift; path = "Date+Ext.swift"; sourceTree = "<group>"; };
		F0962C6520F5CE5D0086B24A /* String+Ext.swift */ = {isa = PBXFileReference; fileEncoding = 4; lastKnownFileType = sourcecode.swift; path = "String+Ext.swift"; sourceTree = "<group>"; };
		F0962C6620F5CE5D0086B24A /* UIColor+Ext.swift */ = {isa = PBXFileReference; fileEncoding = 4; lastKnownFileType = sourcecode.swift; path = "UIColor+Ext.swift"; sourceTree = "<group>"; };
		F0962C6720F5CE5D0086B24A /* DispatchQueue+Ext.swift */ = {isa = PBXFileReference; fileEncoding = 4; lastKnownFileType = sourcecode.swift; path = "DispatchQueue+Ext.swift"; sourceTree = "<group>"; };
		F0962C6820F5CE5D0086B24A /* Number+Ext.swift */ = {isa = PBXFileReference; fileEncoding = 4; lastKnownFileType = sourcecode.swift; path = "Number+Ext.swift"; sourceTree = "<group>"; };
		F0962C6920F5CE5D0086B24A /* ExtensionTool.swift */ = {isa = PBXFileReference; fileEncoding = 4; lastKnownFileType = sourcecode.swift; path = ExtensionTool.swift; sourceTree = "<group>"; };
		F0962C7320F5CE700086B24A /* kSaveDataTool.swift */ = {isa = PBXFileReference; fileEncoding = 4; lastKnownFileType = sourcecode.swift; path = kSaveDataTool.swift; sourceTree = "<group>"; };
		F0962C7420F5CE700086B24A /* CircleImageView.swift */ = {isa = PBXFileReference; fileEncoding = 4; lastKnownFileType = sourcecode.swift; path = CircleImageView.swift; sourceTree = "<group>"; };
		F0962C7D20F5CF210086B24A /* HUDViewTool.swift */ = {isa = PBXFileReference; fileEncoding = 4; lastKnownFileType = sourcecode.swift; path = HUDViewTool.swift; sourceTree = "<group>"; };
		F0962C7E20F5CF210086B24A /* HUDViewTool.xib */ = {isa = PBXFileReference; fileEncoding = 4; lastKnownFileType = file.xib; path = HUDViewTool.xib; sourceTree = "<group>"; };
		F0962C8220F5CFC80086B24A /* DataMacro.swift */ = {isa = PBXFileReference; lastKnownFileType = sourcecode.swift; path = DataMacro.swift; sourceTree = "<group>"; };
		F0962C8C20F5D6CB0086B24A /* FalseNavBarView.swift */ = {isa = PBXFileReference; fileEncoding = 4; lastKnownFileType = sourcecode.swift; path = FalseNavBarView.swift; sourceTree = "<group>"; };
		F0962C8F20F5D94B0086B24A /* RefreshGifHeaderTool.swift */ = {isa = PBXFileReference; fileEncoding = 4; lastKnownFileType = sourcecode.swift; path = RefreshGifHeaderTool.swift; sourceTree = "<group>"; };
		F0962C9020F5D94B0086B24A /* RefreshTool.xib */ = {isa = PBXFileReference; fileEncoding = 4; lastKnownFileType = file.xib; path = RefreshTool.xib; sourceTree = "<group>"; };
		F0962C9120F5D94B0086B24A /* RefreshFooterTool.swift */ = {isa = PBXFileReference; fileEncoding = 4; lastKnownFileType = sourcecode.swift; path = RefreshFooterTool.swift; sourceTree = "<group>"; };
		F0962C9220F5D94B0086B24A /* UIScrollView+Ext.swift */ = {isa = PBXFileReference; fileEncoding = 4; lastKnownFileType = sourcecode.swift; path = "UIScrollView+Ext.swift"; sourceTree = "<group>"; };
		F0962C9320F5D94B0086B24A /* RefreshGifFooterTool.swift */ = {isa = PBXFileReference; fileEncoding = 4; lastKnownFileType = sourcecode.swift; path = RefreshGifFooterTool.swift; sourceTree = "<group>"; };
		F0962C9420F5D94B0086B24A /* RefreshCommon.swift */ = {isa = PBXFileReference; fileEncoding = 4; lastKnownFileType = sourcecode.swift; path = RefreshCommon.swift; sourceTree = "<group>"; };
		F0962C9520F5D94B0086B24A /* RefreshHeaderTool.swift */ = {isa = PBXFileReference; fileEncoding = 4; lastKnownFileType = sourcecode.swift; path = RefreshHeaderTool.swift; sourceTree = "<group>"; };
		F0962C9620F5D94B0086B24A /* RefreshGifTool.xib */ = {isa = PBXFileReference; fileEncoding = 4; lastKnownFileType = file.xib; path = RefreshGifTool.xib; sourceTree = "<group>"; };
		F09CA4D220FD77B7005BA8BE /* OrderManager.entitlements */ = {isa = PBXFileReference; lastKnownFileType = text.plist.entitlements; path = OrderManager.entitlements; sourceTree = "<group>"; };
		F09CA4D320FD7D15005BA8BE /* HomeViewModel.swift */ = {isa = PBXFileReference; lastKnownFileType = sourcecode.swift; path = HomeViewModel.swift; sourceTree = "<group>"; };
		F09CA4D520FD8CDF005BA8BE /* EditInfoViewController.swift */ = {isa = PBXFileReference; lastKnownFileType = sourcecode.swift; path = EditInfoViewController.swift; sourceTree = "<group>"; };
		F09CA4D620FD8CDF005BA8BE /* EditInfoViewController.xib */ = {isa = PBXFileReference; lastKnownFileType = file.xib; path = EditInfoViewController.xib; sourceTree = "<group>"; };
		F09CA4D920FD9430005BA8BE /* ThemeViewController.swift */ = {isa = PBXFileReference; lastKnownFileType = sourcecode.swift; path = ThemeViewController.swift; sourceTree = "<group>"; };
		F09CA4DA20FD9430005BA8BE /* ThemeViewController.xib */ = {isa = PBXFileReference; lastKnownFileType = file.xib; path = ThemeViewController.xib; sourceTree = "<group>"; };
		F0AAC58A20F838600057039A /* OrderManager-Bridging-Header.h */ = {isa = PBXFileReference; lastKnownFileType = sourcecode.c.h; path = "OrderManager-Bridging-Header.h"; sourceTree = "<group>"; };
		F0AAC59020F83B550057039A /* AddViewModel.swift */ = {isa = PBXFileReference; fileEncoding = 4; lastKnownFileType = sourcecode.swift; path = AddViewModel.swift; sourceTree = "<group>"; };
		F0AAC59220F83B550057039A /* CostModel.swift */ = {isa = PBXFileReference; fileEncoding = 4; lastKnownFileType = sourcecode.swift; path = CostModel.swift; sourceTree = "<group>"; };
		F0AAC59420F83B550057039A /* OrderCell.xib */ = {isa = PBXFileReference; fileEncoding = 4; lastKnownFileType = file.xib; path = OrderCell.xib; sourceTree = "<group>"; };
		F0AAC59520F83B550057039A /* OrderHeaderView.xib */ = {isa = PBXFileReference; fileEncoding = 4; lastKnownFileType = file.xib; path = OrderHeaderView.xib; sourceTree = "<group>"; };
		F0AAC59620F83B550057039A /* OrderCell.swift */ = {isa = PBXFileReference; fileEncoding = 4; lastKnownFileType = sourcecode.swift; path = OrderCell.swift; sourceTree = "<group>"; };
		F0AAC59720F83B550057039A /* OrderHeaderView.swift */ = {isa = PBXFileReference; fileEncoding = 4; lastKnownFileType = sourcecode.swift; path = OrderHeaderView.swift; sourceTree = "<group>"; };
		F0AAC59920F83B550057039A /* AddViewController.swift */ = {isa = PBXFileReference; fileEncoding = 4; lastKnownFileType = sourcecode.swift; path = AddViewController.swift; sourceTree = "<group>"; };
		F0AAC59A20F83B550057039A /* HomeViewController.xib */ = {isa = PBXFileReference; fileEncoding = 4; lastKnownFileType = file.xib; path = HomeViewController.xib; sourceTree = "<group>"; };
		F0AAC59B20F83B550057039A /* AddViewController.xib */ = {isa = PBXFileReference; fileEncoding = 4; lastKnownFileType = file.xib; path = AddViewController.xib; sourceTree = "<group>"; };
		F0AAC59C20F83B550057039A /* HomeViewController.swift */ = {isa = PBXFileReference; fileEncoding = 4; lastKnownFileType = sourcecode.swift; path = HomeViewController.swift; sourceTree = "<group>"; };
		F0AAC5AA20F83BA80057039A /* ServicerTool.swift */ = {isa = PBXFileReference; lastKnownFileType = sourcecode.swift; path = ServicerTool.swift; sourceTree = "<group>"; };
		F0AAC5AC20F846C00057039A /* UIBarButtonItem+Ext.swift */ = {isa = PBXFileReference; lastKnownFileType = sourcecode.swift; path = "UIBarButtonItem+Ext.swift"; sourceTree = "<group>"; };
		F0AAC5B320F870020057039A /* LoginViewController.swift */ = {isa = PBXFileReference; lastKnownFileType = sourcecode.swift; path = LoginViewController.swift; sourceTree = "<group>"; };
		F0AAC5B420F870020057039A /* LoginViewController.xib */ = {isa = PBXFileReference; lastKnownFileType = file.xib; path = LoginViewController.xib; sourceTree = "<group>"; };
		F0AAC5B720F875A00057039A /* StartViewController.swift */ = {isa = PBXFileReference; lastKnownFileType = sourcecode.swift; path = StartViewController.swift; sourceTree = "<group>"; };
		F0AAC5B820F875A00057039A /* StartViewController.xib */ = {isa = PBXFileReference; lastKnownFileType = file.xib; path = StartViewController.xib; sourceTree = "<group>"; };
		F0AAC5BB20F879860057039A /* UIViewController+Ext.swift */ = {isa = PBXFileReference; lastKnownFileType = sourcecode.swift; path = "UIViewController+Ext.swift"; sourceTree = "<group>"; };
		F0AAC5BD20F87A310057039A /* LoginViewModel.swift */ = {isa = PBXFileReference; lastKnownFileType = sourcecode.swift; path = LoginViewModel.swift; sourceTree = "<group>"; };
		F0AAC5BF20F87BC90057039A /* LoginModel.swift */ = {isa = PBXFileReference; lastKnownFileType = sourcecode.swift; path = LoginModel.swift; sourceTree = "<group>"; };
		F0D562F220FC455500AAE095 /* AuthorityTool.swift */ = {isa = PBXFileReference; lastKnownFileType = sourcecode.swift; path = AuthorityTool.swift; sourceTree = "<group>"; };
		F0D562F420FC748F00AAE095 /* CameraTool.swift */ = {isa = PBXFileReference; lastKnownFileType = sourcecode.swift; path = CameraTool.swift; sourceTree = "<group>"; };
		F0D562F620FC916E00AAE095 /* UIIImageView+Ext.swift */ = {isa = PBXFileReference; lastKnownFileType = sourcecode.swift; path = "UIIImageView+Ext.swift"; sourceTree = "<group>"; };
		F0D562F820FC9BF800AAE095 /* LeftHeaderView.swift */ = {isa = PBXFileReference; lastKnownFileType = sourcecode.swift; path = LeftHeaderView.swift; sourceTree = "<group>"; };
		F0D562F920FC9BF800AAE095 /* LeftHeaderView.xib */ = {isa = PBXFileReference; lastKnownFileType = file.xib; path = LeftHeaderView.xib; sourceTree = "<group>"; };
		F0D562FC20FCA3D900AAE095 /* LeftViewModel.swift */ = {isa = PBXFileReference; lastKnownFileType = sourcecode.swift; path = LeftViewModel.swift; sourceTree = "<group>"; };
		F0D562FE20FCA59400AAE095 /* LeftContentCell.swift */ = {isa = PBXFileReference; lastKnownFileType = sourcecode.swift; path = LeftContentCell.swift; sourceTree = "<group>"; };
		F0D562FF20FCA59400AAE095 /* LeftContentCell.xib */ = {isa = PBXFileReference; lastKnownFileType = file.xib; path = LeftContentCell.xib; sourceTree = "<group>"; };
		F69730D83436876766B92E43 /* Pods-OrderManager.debug.xcconfig */ = {isa = PBXFileReference; includeInIndex = 1; lastKnownFileType = text.xcconfig; name = "Pods-OrderManager.debug.xcconfig"; path = "Pods/Target Support Files/Pods-OrderManager/Pods-OrderManager.debug.xcconfig"; sourceTree = "<group>"; };
/* End PBXFileReference section */

/* Begin PBXFrameworksBuildPhase section */
		F0962C3F20F5CD240086B24A /* Frameworks */ = {
			isa = PBXFrameworksBuildPhase;
			buildActionMask = 2147483647;
			files = (
				B04B4409F976E08CED793A23 /* Pods_OrderManager.framework in Frameworks */,
			);
			runOnlyForDeploymentPostprocessing = 0;
		};
/* End PBXFrameworksBuildPhase section */

/* Begin PBXGroup section */
		96B8E3A9D4919CB248E22EE8 /* Pods */ = {
			isa = PBXGroup;
			children = (
				F69730D83436876766B92E43 /* Pods-OrderManager.debug.xcconfig */,
				AAFDBFFB250B7C43C5FD306A /* Pods-OrderManager.release.xcconfig */,
			);
			name = Pods;
			sourceTree = "<group>";
		};
		C64E9A7A90D066A795E194F4 /* Frameworks */ = {
			isa = PBXGroup;
			children = (
				C26604BAEA5C65572C7D1A5C /* Pods_OrderManager.framework */,
			);
			name = Frameworks;
			sourceTree = "<group>";
		};
		F056DB3520F735E0006B8E3E /* DatePickerTool */ = {
			isa = PBXGroup;
			children = (
				F056DB3620F735FC006B8E3E /* DatePickerTool.swift */,
				F056DB3A20F740BA006B8E3E /* SpecialPickerView.swift */,
				F056DB3820F73603006B8E3E /* MyPickerTool.xib */,
			);
			path = DatePickerTool;
			sourceTree = "<group>";
		};
		F05D894820F5DD9600FB9B5A /* KAlertTool */ = {
			isa = PBXGroup;
			children = (
				F05D894920F5DD9600FB9B5A /* KAlertTools.swift */,
				F05D894A20F5DD9600FB9B5A /* KAlertTools.xib */,
			);
			path = KAlertTool;
			sourceTree = "<group>";
		};
		F08BC15A20F891360016266B /* Left */ = {
			isa = PBXGroup;
			children = (
				F08BC15C20F891360016266B /* Model */,
				F08BC15D20F891360016266B /* View */,
				F08BC15E20F891360016266B /* ViewController */,
				F08BC15B20F891360016266B /* ViewModel */,
			);
			path = Left;
			sourceTree = "<group>";
		};
		F08BC15B20F891360016266B /* ViewModel */ = {
			isa = PBXGroup;
			children = (
				F0D562FC20FCA3D900AAE095 /* LeftViewModel.swift */,
			);
			path = ViewModel;
			sourceTree = "<group>";
		};
		F08BC15C20F891360016266B /* Model */ = {
			isa = PBXGroup;
			children = (
			);
			path = Model;
			sourceTree = "<group>";
		};
		F08BC15D20F891360016266B /* View */ = {
			isa = PBXGroup;
			children = (
				F0D562F820FC9BF800AAE095 /* LeftHeaderView.swift */,
				F0D562F920FC9BF800AAE095 /* LeftHeaderView.xib */,
				F0D562FE20FCA59400AAE095 /* LeftContentCell.swift */,
				F0D562FF20FCA59400AAE095 /* LeftContentCell.xib */,
			);
			path = View;
			sourceTree = "<group>";
		};
		F08BC15E20F891360016266B /* ViewController */ = {
			isa = PBXGroup;
			children = (
				F08BC15F20F891480016266B /* LeftViewController.swift */,
				F08BC16020F891480016266B /* LeftViewController.xib */,
				F09CA4D520FD8CDF005BA8BE /* EditInfoViewController.swift */,
				F09CA4D620FD8CDF005BA8BE /* EditInfoViewController.xib */,
				F09CA4D920FD9430005BA8BE /* ThemeViewController.swift */,
				F09CA4DA20FD9430005BA8BE /* ThemeViewController.xib */,
			);
			path = ViewController;
			sourceTree = "<group>";
		};
		F08BC16B20F8A5890016266B /* Total */ = {
			isa = PBXGroup;
			children = (
				F08BC16C20F8A5890016266B /* ViewModel */,
				F08BC16D20F8A5890016266B /* Model */,
				F08BC16E20F8A5890016266B /* View */,
				F08BC16F20F8A5890016266B /* ViewController */,
			);
			path = Total;
			sourceTree = "<group>";
		};
		F08BC16C20F8A5890016266B /* ViewModel */ = {
			isa = PBXGroup;
			children = (
			);
			path = ViewModel;
			sourceTree = "<group>";
		};
		F08BC16D20F8A5890016266B /* Model */ = {
			isa = PBXGroup;
			children = (
			);
			path = Model;
			sourceTree = "<group>";
		};
		F08BC16E20F8A5890016266B /* View */ = {
			isa = PBXGroup;
			children = (
			);
			path = View;
			sourceTree = "<group>";
		};
		F08BC16F20F8A5890016266B /* ViewController */ = {
			isa = PBXGroup;
			children = (
				F08BC17020F8A5970016266B /* CostTotalViewController.swift */,
				F08BC17120F8A5970016266B /* CostTotalViewController.xib */,
			);
			path = ViewController;
			sourceTree = "<group>";
		};
		F0962C3920F5CD240086B24A = {
			isa = PBXGroup;
			children = (
				F0962C4420F5CD240086B24A /* OrderManager */,
				F0962C4320F5CD240086B24A /* Products */,
				96B8E3A9D4919CB248E22EE8 /* Pods */,
				C64E9A7A90D066A795E194F4 /* Frameworks */,
			);
			sourceTree = "<group>";
		};
		F0962C4320F5CD240086B24A /* Products */ = {
			isa = PBXGroup;
			children = (
				F0962C4220F5CD240086B24A /* OrderManager.app */,
			);
			name = Products;
			sourceTree = "<group>";
		};
		F0962C4420F5CD240086B24A /* OrderManager */ = {
			isa = PBXGroup;
			children = (
				F09CA4D220FD77B7005BA8BE /* OrderManager.entitlements */,
				F0962C4520F5CD240086B24A /* AppDelegate.swift */,
				F0AAC58A20F838600057039A /* OrderManager-Bridging-Header.h */,
				F0962C8120F5CF8D0086B24A /* Macro */,
				F0962C5720F5CD690086B24A /* Base */,
				F0962C5820F5CD6E0086B24A /* Sections */,
				F0962C5120F5CD250086B24A /* Info.plist */,
				F0962C5920F5CD780086B24A /* Tools */,
				F0962C5A20F5CD8E0086B24A /* Others */,
			);
			path = OrderManager;
			sourceTree = "<group>";
		};
		F0962C5720F5CD690086B24A /* Base */ = {
			isa = PBXGroup;
			children = (
				F0962C5B20F5CDD50086B24A /* BaseNavigationController.swift */,
				F0962C5D20F5CDE30086B24A /* BaseViewController.swift */,
			);
			path = Base;
			sourceTree = "<group>";
		};
		F0962C5820F5CD6E0086B24A /* Sections */ = {
			isa = PBXGroup;
			children = (
				F0AAC5AE20F86FE80057039A /* Login */,
				F08BC15A20F891360016266B /* Left */,
				F0AAC58E20F83B550057039A /* Home */,
				F08BC16B20F8A5890016266B /* Total */,
			);
			path = Sections;
			sourceTree = "<group>";
		};
		F0962C5920F5CD780086B24A /* Tools */ = {
			isa = PBXGroup;
			children = (
				F0AAC5AA20F83BA80057039A /* ServicerTool.swift */,
				F0962C7220F5CE700086B24A /* BaseViewTool */,
				F056DB3520F735E0006B8E3E /* DatePickerTool */,
				F05D894820F5DD9600FB9B5A /* KAlertTool */,
				F0962C8E20F5D94B0086B24A /* RefreshTool */,
				F0962C7C20F5CF210086B24A /* LoadingTool */,
				F0962C6120F5CE5D0086B24A /* ExtensionTool */,
			);
			path = Tools;
			sourceTree = "<group>";
		};
		F0962C5A20F5CD8E0086B24A /* Others */ = {
			isa = PBXGroup;
			children = (
				F0962C4C20F5CD250086B24A /* Assets.xcassets */,
				F0962C4E20F5CD250086B24A /* LaunchScreen.storyboard */,
			);
			path = Others;
			sourceTree = "<group>";
		};
		F0962C6120F5CE5D0086B24A /* ExtensionTool */ = {
			isa = PBXGroup;
			children = (
				F0962C6920F5CE5D0086B24A /* ExtensionTool.swift */,
				F05D894620F5DC8500FB9B5A /* UIView+Ext.swift */,
				F0962C6220F5CE5D0086B24A /* UIImage+Ext.swift */,
				F0D562F620FC916E00AAE095 /* UIIImageView+Ext.swift */,
				F0962C6320F5CE5D0086B24A /* UITextView+Ext.swift */,
				F0962C6420F5CE5D0086B24A /* Date+Ext.swift */,
				F0962C6520F5CE5D0086B24A /* String+Ext.swift */,
				F0962C6620F5CE5D0086B24A /* UIColor+Ext.swift */,
				F0962C6720F5CE5D0086B24A /* DispatchQueue+Ext.swift */,
				F0962C6820F5CE5D0086B24A /* Number+Ext.swift */,
				F05D895D20F5EFBF00FB9B5A /* UITableView+Ext.swift */,
				F056DB3C20F74A96006B8E3E /* UIButton+Ext.swift */,
				F0AAC5AC20F846C00057039A /* UIBarButtonItem+Ext.swift */,
				F0AAC5BB20F879860057039A /* UIViewController+Ext.swift */,
				F056DB3E20F75B8E006B8E3E /* AppDelegate+Note.swift */,
			);
			path = ExtensionTool;
			sourceTree = "<group>";
		};
		F0962C7220F5CE700086B24A /* BaseViewTool */ = {
			isa = PBXGroup;
			children = (
				F0D562F420FC748F00AAE095 /* CameraTool.swift */,
				F0D562F220FC455500AAE095 /* AuthorityTool.swift */,
				F08BC16320F8998A0016266B /* VideoPlayer.swift */,
				F0962C8C20F5D6CB0086B24A /* FalseNavBarView.swift */,
				F056DB3120F71E3A006B8E3E /* SliderDrawerViewController.swift */,
				F0962C7320F5CE700086B24A /* kSaveDataTool.swift */,
				F0962C7420F5CE700086B24A /* CircleImageView.swift */,
			);
			path = BaseViewTool;
			sourceTree = "<group>";
		};
		F0962C7C20F5CF210086B24A /* LoadingTool */ = {
			isa = PBXGroup;
			children = (
				F0962C7D20F5CF210086B24A /* HUDViewTool.swift */,
				F0962C7E20F5CF210086B24A /* HUDViewTool.xib */,
			);
			path = LoadingTool;
			sourceTree = "<group>";
		};
		F0962C8120F5CF8D0086B24A /* Macro */ = {
			isa = PBXGroup;
			children = (
				F0962C8220F5CFC80086B24A /* DataMacro.swift */,
			);
			path = Macro;
			sourceTree = "<group>";
		};
		F0962C8E20F5D94B0086B24A /* RefreshTool */ = {
			isa = PBXGroup;
			children = (
				F0962C9220F5D94B0086B24A /* UIScrollView+Ext.swift */,
				F0962C9420F5D94B0086B24A /* RefreshCommon.swift */,
				F0962C9520F5D94B0086B24A /* RefreshHeaderTool.swift */,
				F0962C9120F5D94B0086B24A /* RefreshFooterTool.swift */,
				F0962C9020F5D94B0086B24A /* RefreshTool.xib */,
				F0962C8F20F5D94B0086B24A /* RefreshGifHeaderTool.swift */,
				F0962C9320F5D94B0086B24A /* RefreshGifFooterTool.swift */,
				F0962C9620F5D94B0086B24A /* RefreshGifTool.xib */,
			);
			path = RefreshTool;
			sourceTree = "<group>";
		};
		F0AAC58E20F83B550057039A /* Home */ = {
			isa = PBXGroup;
			children = (
				F0AAC59120F83B550057039A /* Model */,
				F0AAC59320F83B550057039A /* View */,
				F0AAC59820F83B550057039A /* ViewController */,
				F0AAC58F20F83B550057039A /* ViewModel */,
			);
			path = Home;
			sourceTree = "<group>";
		};
		F0AAC58F20F83B550057039A /* ViewModel */ = {
			isa = PBXGroup;
			children = (
				F09CA4D320FD7D15005BA8BE /* HomeViewModel.swift */,
				F0AAC59020F83B550057039A /* AddViewModel.swift */,
			);
			path = ViewModel;
			sourceTree = "<group>";
		};
		F0AAC59120F83B550057039A /* Model */ = {
			isa = PBXGroup;
			children = (
				F0AAC59220F83B550057039A /* CostModel.swift */,
			);
			path = Model;
			sourceTree = "<group>";
		};
		F0AAC59320F83B550057039A /* View */ = {
			isa = PBXGroup;
			children = (
				F0AAC59620F83B550057039A /* OrderCell.swift */,
				F0AAC59420F83B550057039A /* OrderCell.xib */,
				F0AAC59720F83B550057039A /* OrderHeaderView.swift */,
				F0AAC59520F83B550057039A /* OrderHeaderView.xib */,
			);
			path = View;
			sourceTree = "<group>";
		};
		F0AAC59820F83B550057039A /* ViewController */ = {
			isa = PBXGroup;
			children = (
				F0AAC59C20F83B550057039A /* HomeViewController.swift */,
				F0AAC59A20F83B550057039A /* HomeViewController.xib */,
				F0AAC59920F83B550057039A /* AddViewController.swift */,
				F0AAC59B20F83B550057039A /* AddViewController.xib */,
			);
			path = ViewController;
			sourceTree = "<group>";
		};
		F0AAC5AE20F86FE80057039A /* Login */ = {
			isa = PBXGroup;
			children = (
				F0AAC5B020F86FE80057039A /* Model */,
				F0AAC5B120F86FE80057039A /* View */,
				F0AAC5B220F86FE80057039A /* ViewController */,
				F0AAC5AF20F86FE80057039A /* ViewModel */,
			);
			path = Login;
			sourceTree = "<group>";
		};
		F0AAC5AF20F86FE80057039A /* ViewModel */ = {
			isa = PBXGroup;
			children = (
				F0AAC5BD20F87A310057039A /* LoginViewModel.swift */,
				F08BC15820F8893B0016266B /* RegisterViewModel.swift */,
			);
			path = ViewModel;
			sourceTree = "<group>";
		};
		F0AAC5B020F86FE80057039A /* Model */ = {
			isa = PBXGroup;
			children = (
				F0AAC5BF20F87BC90057039A /* LoginModel.swift */,
			);
			path = Model;
			sourceTree = "<group>";
		};
		F0AAC5B120F86FE80057039A /* View */ = {
			isa = PBXGroup;
			children = (
			);
			path = View;
			sourceTree = "<group>";
		};
		F0AAC5B220F86FE80057039A /* ViewController */ = {
			isa = PBXGroup;
			children = (
				F08BC16520F89A2C0016266B /* 1.mp4 */,
				F0AAC5B720F875A00057039A /* StartViewController.swift */,
				F0AAC5B820F875A00057039A /* StartViewController.xib */,
				F0AAC5B320F870020057039A /* LoginViewController.swift */,
				F0AAC5B420F870020057039A /* LoginViewController.xib */,
				F08BC15420F889060016266B /* RegisterViewController.swift */,
				F08BC15520F889060016266B /* RegisterViewController.xib */,
			);
			path = ViewController;
			sourceTree = "<group>";
		};
/* End PBXGroup section */

/* Begin PBXNativeTarget section */
		F0962C4120F5CD240086B24A /* OrderManager */ = {
			isa = PBXNativeTarget;
			buildConfigurationList = F0962C5420F5CD250086B24A /* Build configuration list for PBXNativeTarget "OrderManager" */;
			buildPhases = (
				689C7014095E5E8FE0E317A1 /* [CP] Check Pods Manifest.lock */,
				F0962C3E20F5CD240086B24A /* Sources */,
				F0962C3F20F5CD240086B24A /* Frameworks */,
				F0962C4020F5CD240086B24A /* Resources */,
			);
			buildRules = (
			);
			dependencies = (
			);
			name = OrderManager;
			productName = OrderManager;
			productReference = F0962C4220F5CD240086B24A /* OrderManager.app */;
			productType = "com.apple.product-type.application";
		};
/* End PBXNativeTarget section */

/* Begin PBXProject section */
		F0962C3A20F5CD240086B24A /* Project object */ = {
			isa = PBXProject;
			attributes = {
				LastSwiftUpdateCheck = 0940;
				LastUpgradeCheck = 0940;
				ORGANIZATIONNAME = ZCC;
				TargetAttributes = {
					F0962C4120F5CD240086B24A = {
						CreatedOnToolsVersion = 9.4.1;
						LastSwiftMigration = 0940;
						SystemCapabilities = {
							com.apple.BackgroundModes = {
								enabled = 1;
							};
							com.apple.Push = {
								enabled = 0;
							};
						};
					};
				};
			};
			buildConfigurationList = F0962C3D20F5CD240086B24A /* Build configuration list for PBXProject "OrderManager" */;
			compatibilityVersion = "Xcode 9.3";
			developmentRegion = en;
			hasScannedForEncodings = 0;
			knownRegions = (
				en,
				Base,
			);
			mainGroup = F0962C3920F5CD240086B24A;
			productRefGroup = F0962C4320F5CD240086B24A /* Products */;
			projectDirPath = "";
			projectRoot = "";
			targets = (
				F0962C4120F5CD240086B24A /* OrderManager */,
			);
		};
/* End PBXProject section */

/* Begin PBXResourcesBuildPhase section */
		F0962C4020F5CD240086B24A /* Resources */ = {
			isa = PBXResourcesBuildPhase;
			buildActionMask = 2147483647;
			files = (
				F0AAC5A520F83B550057039A /* AddViewController.xib in Resources */,
				F0962C5020F5CD250086B24A /* LaunchScreen.storyboard in Resources */,
				F0962C4D20F5CD250086B24A /* Assets.xcassets in Resources */,
				F08BC17320F8A5970016266B /* CostTotalViewController.xib in Resources */,
				F0AAC59F20F83B550057039A /* OrderCell.xib in Resources */,
				F0D5630120FCA59400AAE095 /* LeftContentCell.xib in Resources */,
				F0962C9E20F5D94B0086B24A /* RefreshGifTool.xib in Resources */,
				F08BC16620F89A2D0016266B /* 1.mp4 in Resources */,
				F0962C9820F5D94B0086B24A /* RefreshTool.xib in Resources */,
				F05D894C20F5DD9600FB9B5A /* KAlertTools.xib in Resources */,
				F08BC16220F891480016266B /* LeftViewController.xib in Resources */,
				F0D562FB20FC9BF800AAE095 /* LeftHeaderView.xib in Resources */,
				F09CA4D820FD8CDF005BA8BE /* EditInfoViewController.xib in Resources */,
				F0AAC5A020F83B550057039A /* OrderHeaderView.xib in Resources */,
				F0AAC5B620F870020057039A /* LoginViewController.xib in Resources */,
				F08BC15720F889060016266B /* RegisterViewController.xib in Resources */,
				F0AAC5A420F83B550057039A /* HomeViewController.xib in Resources */,
				F056DB3920F73603006B8E3E /* MyPickerTool.xib in Resources */,
				F09CA4DC20FD9430005BA8BE /* ThemeViewController.xib in Resources */,
				F0AAC5BA20F875A00057039A /* StartViewController.xib in Resources */,
				F0962C8020F5CF210086B24A /* HUDViewTool.xib in Resources */,
			);
			runOnlyForDeploymentPostprocessing = 0;
		};
/* End PBXResourcesBuildPhase section */

/* Begin PBXShellScriptBuildPhase section */
		689C7014095E5E8FE0E317A1 /* [CP] Check Pods Manifest.lock */ = {
			isa = PBXShellScriptBuildPhase;
			buildActionMask = 2147483647;
			files = (
			);
			inputPaths = (
				"${PODS_PODFILE_DIR_PATH}/Podfile.lock",
				"${PODS_ROOT}/Manifest.lock",
			);
			name = "[CP] Check Pods Manifest.lock";
			outputPaths = (
				"$(DERIVED_FILE_DIR)/Pods-OrderManager-checkManifestLockResult.txt",
			);
			runOnlyForDeploymentPostprocessing = 0;
			shellPath = /bin/sh;
			shellScript = "diff \"${PODS_PODFILE_DIR_PATH}/Podfile.lock\" \"${PODS_ROOT}/Manifest.lock\" > /dev/null\nif [ $? != 0 ] ; then\n    # print error to STDERR\n    echo \"error: The sandbox is not in sync with the Podfile.lock. Run 'pod install' or update your CocoaPods installation.\" >&2\n    exit 1\nfi\n# This output is used by Xcode 'outputs' to avoid re-running this script phase.\necho \"SUCCESS\" > \"${SCRIPT_OUTPUT_FILE_0}\"\n";
			showEnvVarsInLog = 0;
		};
/* End PBXShellScriptBuildPhase section */

/* Begin PBXSourcesBuildPhase section */
		F0962C3E20F5CD240086B24A /* Sources */ = {
			isa = PBXSourcesBuildPhase;
			buildActionMask = 2147483647;
			files = (
				F0962C9920F5D94B0086B24A /* RefreshFooterTool.swift in Sources */,
				F0AAC5A120F83B550057039A /* OrderCell.swift in Sources */,
				F0D562F520FC748F00AAE095 /* CameraTool.swift in Sources */,
				F0962C7020F5CE5D0086B24A /* Number+Ext.swift in Sources */,
				F056DB3220F71E3A006B8E3E /* SliderDrawerViewController.swift in Sources */,
				F0962C9D20F5D94B0086B24A /* RefreshHeaderTool.swift in Sources */,
				F05D894720F5DC8500FB9B5A /* UIView+Ext.swift in Sources */,
				F0962C7F20F5CF210086B24A /* HUDViewTool.swift in Sources */,
				F09CA4D720FD8CDF005BA8BE /* EditInfoViewController.swift in Sources */,
				F0962C9720F5D94B0086B24A /* RefreshGifHeaderTool.swift in Sources */,
				F0962C5C20F5CDD50086B24A /* BaseNavigationController.swift in Sources */,
				F0962C7620F5CE700086B24A /* CircleImageView.swift in Sources */,
				F0962C6B20F5CE5D0086B24A /* UITextView+Ext.swift in Sources */,
				F0AAC59D20F83B550057039A /* AddViewModel.swift in Sources */,
				F056DB3720F735FC006B8E3E /* DatePickerTool.swift in Sources */,
				F0D562FA20FC9BF800AAE095 /* LeftHeaderView.swift in Sources */,
				F0962C6A20F5CE5D0086B24A /* UIImage+Ext.swift in Sources */,
				F0D562F320FC455500AAE095 /* AuthorityTool.swift in Sources */,
				F05D895E20F5EFBF00FB9B5A /* UITableView+Ext.swift in Sources */,
				F0962C8320F5CFC80086B24A /* DataMacro.swift in Sources */,
				F08BC15920F8893B0016266B /* RegisterViewModel.swift in Sources */,
				F0962C9A20F5D94B0086B24A /* UIScrollView+Ext.swift in Sources */,
				F0962C4620F5CD240086B24A /* AppDelegate.swift in Sources */,
				F0962C7120F5CE5D0086B24A /* ExtensionTool.swift in Sources */,
				F09CA4D420FD7D15005BA8BE /* HomeViewModel.swift in Sources */,
				F056DB3F20F75B8E006B8E3E /* AppDelegate+Note.swift in Sources */,
				F0AAC5BE20F87A310057039A /* LoginViewModel.swift in Sources */,
				F0962C7520F5CE700086B24A /* kSaveDataTool.swift in Sources */,
				F0AAC59E20F83B550057039A /* CostModel.swift in Sources */,
				F08BC15620F889060016266B /* RegisterViewController.swift in Sources */,
				F0962C5E20F5CDE30086B24A /* BaseViewController.swift in Sources */,
				F0AAC5A620F83B550057039A /* HomeViewController.swift in Sources */,
				F0AAC5B520F870020057039A /* LoginViewController.swift in Sources */,
				F0AAC5B920F875A00057039A /* StartViewController.swift in Sources */,
				F0D5630020FCA59400AAE095 /* LeftContentCell.swift in Sources */,
				F0962C6F20F5CE5D0086B24A /* DispatchQueue+Ext.swift in Sources */,
				F0962C8D20F5D6CB0086B24A /* FalseNavBarView.swift in Sources */,
				F0962C9C20F5D94B0086B24A /* RefreshCommon.swift in Sources */,
				F0AAC5A220F83B550057039A /* OrderHeaderView.swift in Sources */,
				F08BC16120F891480016266B /* LeftViewController.swift in Sources */,
				F0AAC5AD20F846C00057039A /* UIBarButtonItem+Ext.swift in Sources */,
				F0962C6C20F5CE5D0086B24A /* Date+Ext.swift in Sources */,
				F08BC17220F8A5970016266B /* CostTotalViewController.swift in Sources */,
				F05D894B20F5DD9600FB9B5A /* KAlertTools.swift in Sources */,
				F0962C6E20F5CE5D0086B24A /* UIColor+Ext.swift in Sources */,
				F0AAC5BC20F879860057039A /* UIViewController+Ext.swift in Sources */,
				F0AAC5A320F83B550057039A /* AddViewController.swift in Sources */,
				F0AAC5C020F87BC90057039A /* LoginModel.swift in Sources */,
				F08BC16420F8998A0016266B /* VideoPlayer.swift in Sources */,
				F0962C6D20F5CE5D0086B24A /* String+Ext.swift in Sources */,
				F056DB3D20F74A96006B8E3E /* UIButton+Ext.swift in Sources */,
				F09CA4DB20FD9430005BA8BE /* ThemeViewController.swift in Sources */,
				F056DB3B20F740BA006B8E3E /* SpecialPickerView.swift in Sources */,
				F0AAC5AB20F83BA80057039A /* ServicerTool.swift in Sources */,
				F0D562FD20FCA3D900AAE095 /* LeftViewModel.swift in Sources */,
				F0962C9B20F5D94B0086B24A /* RefreshGifFooterTool.swift in Sources */,
				F0D562F720FC916E00AAE095 /* UIIImageView+Ext.swift in Sources */,
			);
			runOnlyForDeploymentPostprocessing = 0;
		};
/* End PBXSourcesBuildPhase section */

/* Begin PBXVariantGroup section */
		F0962C4E20F5CD250086B24A /* LaunchScreen.storyboard */ = {
			isa = PBXVariantGroup;
			children = (
				F0962C4F20F5CD250086B24A /* Base */,
			);
			name = LaunchScreen.storyboard;
			sourceTree = "<group>";
		};
/* End PBXVariantGroup section */

/* Begin XCBuildConfiguration section */
		F0962C5220F5CD250086B24A /* Debug */ = {
			isa = XCBuildConfiguration;
			buildSettings = {
				ALWAYS_SEARCH_USER_PATHS = NO;
				CLANG_ANALYZER_NONNULL = YES;
				CLANG_ANALYZER_NUMBER_OBJECT_CONVERSION = YES_AGGRESSIVE;
				CLANG_CXX_LANGUAGE_STANDARD = "gnu++14";
				CLANG_CXX_LIBRARY = "libc++";
				CLANG_ENABLE_MODULES = YES;
				CLANG_ENABLE_OBJC_ARC = YES;
				CLANG_ENABLE_OBJC_WEAK = YES;
				CLANG_WARN_BLOCK_CAPTURE_AUTORELEASING = YES;
				CLANG_WARN_BOOL_CONVERSION = YES;
				CLANG_WARN_COMMA = YES;
				CLANG_WARN_CONSTANT_CONVERSION = YES;
				CLANG_WARN_DEPRECATED_OBJC_IMPLEMENTATIONS = YES;
				CLANG_WARN_DIRECT_OBJC_ISA_USAGE = YES_ERROR;
				CLANG_WARN_DOCUMENTATION_COMMENTS = YES;
				CLANG_WARN_EMPTY_BODY = YES;
				CLANG_WARN_ENUM_CONVERSION = YES;
				CLANG_WARN_INFINITE_RECURSION = YES;
				CLANG_WARN_INT_CONVERSION = YES;
				CLANG_WARN_NON_LITERAL_NULL_CONVERSION = YES;
				CLANG_WARN_OBJC_IMPLICIT_RETAIN_SELF = YES;
				CLANG_WARN_OBJC_LITERAL_CONVERSION = YES;
				CLANG_WARN_OBJC_ROOT_CLASS = YES_ERROR;
				CLANG_WARN_RANGE_LOOP_ANALYSIS = YES;
				CLANG_WARN_STRICT_PROTOTYPES = YES;
				CLANG_WARN_SUSPICIOUS_MOVE = YES;
				CLANG_WARN_UNGUARDED_AVAILABILITY = YES_AGGRESSIVE;
				CLANG_WARN_UNREACHABLE_CODE = YES;
				CLANG_WARN__DUPLICATE_METHOD_MATCH = YES;
				CODE_SIGN_IDENTITY = "iPhone Developer";
				COPY_PHASE_STRIP = NO;
				DEBUG_INFORMATION_FORMAT = dwarf;
				ENABLE_STRICT_OBJC_MSGSEND = YES;
				ENABLE_TESTABILITY = YES;
				GCC_C_LANGUAGE_STANDARD = gnu11;
				GCC_DYNAMIC_NO_PIC = NO;
				GCC_NO_COMMON_BLOCKS = YES;
				GCC_OPTIMIZATION_LEVEL = 0;
				GCC_PREPROCESSOR_DEFINITIONS = (
					"DEBUG=1",
					"$(inherited)",
				);
				GCC_WARN_64_TO_32_BIT_CONVERSION = YES;
				GCC_WARN_ABOUT_RETURN_TYPE = YES_ERROR;
				GCC_WARN_UNDECLARED_SELECTOR = YES;
				GCC_WARN_UNINITIALIZED_AUTOS = YES_AGGRESSIVE;
				GCC_WARN_UNUSED_FUNCTION = YES;
				GCC_WARN_UNUSED_VARIABLE = YES;
				IPHONEOS_DEPLOYMENT_TARGET = 11.4;
				MTL_ENABLE_DEBUG_INFO = YES;
				ONLY_ACTIVE_ARCH = YES;
				SDKROOT = iphoneos;
				SWIFT_ACTIVE_COMPILATION_CONDITIONS = DEBUG;
				SWIFT_OPTIMIZATION_LEVEL = "-Onone";
			};
			name = Debug;
		};
		F0962C5320F5CD250086B24A /* Release */ = {
			isa = XCBuildConfiguration;
			buildSettings = {
				ALWAYS_SEARCH_USER_PATHS = NO;
				CLANG_ANALYZER_NONNULL = YES;
				CLANG_ANALYZER_NUMBER_OBJECT_CONVERSION = YES_AGGRESSIVE;
				CLANG_CXX_LANGUAGE_STANDARD = "gnu++14";
				CLANG_CXX_LIBRARY = "libc++";
				CLANG_ENABLE_MODULES = YES;
				CLANG_ENABLE_OBJC_ARC = YES;
				CLANG_ENABLE_OBJC_WEAK = YES;
				CLANG_WARN_BLOCK_CAPTURE_AUTORELEASING = YES;
				CLANG_WARN_BOOL_CONVERSION = YES;
				CLANG_WARN_COMMA = YES;
				CLANG_WARN_CONSTANT_CONVERSION = YES;
				CLANG_WARN_DEPRECATED_OBJC_IMPLEMENTATIONS = YES;
				CLANG_WARN_DIRECT_OBJC_ISA_USAGE = YES_ERROR;
				CLANG_WARN_DOCUMENTATION_COMMENTS = YES;
				CLANG_WARN_EMPTY_BODY = YES;
				CLANG_WARN_ENUM_CONVERSION = YES;
				CLANG_WARN_INFINITE_RECURSION = YES;
				CLANG_WARN_INT_CONVERSION = YES;
				CLANG_WARN_NON_LITERAL_NULL_CONVERSION = YES;
				CLANG_WARN_OBJC_IMPLICIT_RETAIN_SELF = YES;
				CLANG_WARN_OBJC_LITERAL_CONVERSION = YES;
				CLANG_WARN_OBJC_ROOT_CLASS = YES_ERROR;
				CLANG_WARN_RANGE_LOOP_ANALYSIS = YES;
				CLANG_WARN_STRICT_PROTOTYPES = YES;
				CLANG_WARN_SUSPICIOUS_MOVE = YES;
				CLANG_WARN_UNGUARDED_AVAILABILITY = YES_AGGRESSIVE;
				CLANG_WARN_UNREACHABLE_CODE = YES;
				CLANG_WARN__DUPLICATE_METHOD_MATCH = YES;
				CODE_SIGN_IDENTITY = "iPhone Developer";
				COPY_PHASE_STRIP = NO;
				DEBUG_INFORMATION_FORMAT = "dwarf-with-dsym";
				ENABLE_NS_ASSERTIONS = NO;
				ENABLE_STRICT_OBJC_MSGSEND = YES;
				GCC_C_LANGUAGE_STANDARD = gnu11;
				GCC_NO_COMMON_BLOCKS = YES;
				GCC_WARN_64_TO_32_BIT_CONVERSION = YES;
				GCC_WARN_ABOUT_RETURN_TYPE = YES_ERROR;
				GCC_WARN_UNDECLARED_SELECTOR = YES;
				GCC_WARN_UNINITIALIZED_AUTOS = YES_AGGRESSIVE;
				GCC_WARN_UNUSED_FUNCTION = YES;
				GCC_WARN_UNUSED_VARIABLE = YES;
				IPHONEOS_DEPLOYMENT_TARGET = 11.4;
				MTL_ENABLE_DEBUG_INFO = NO;
				SDKROOT = iphoneos;
				SWIFT_COMPILATION_MODE = wholemodule;
				SWIFT_OPTIMIZATION_LEVEL = "-O";
				VALIDATE_PRODUCT = YES;
			};
			name = Release;
		};
		F0962C5520F5CD250086B24A /* Debug */ = {
			isa = XCBuildConfiguration;
			baseConfigurationReference = F69730D83436876766B92E43 /* Pods-OrderManager.debug.xcconfig */;
			buildSettings = {
				ASSETCATALOG_COMPILER_APPICON_NAME = AppIcon;
				CLANG_ENABLE_MODULES = YES;
				CODE_SIGN_STYLE = Automatic;
				DEVELOPMENT_TEAM = 8W5UTYMJE7;
				GCC_PREFIX_HEADER = "$(SRCROOT)/OrderManager/PrefixHeader.h";
				INFOPLIST_FILE = OrderManager/Info.plist;
				IPHONEOS_DEPLOYMENT_TARGET = 9.0;
				LD_RUNPATH_SEARCH_PATHS = (
					"$(inherited)",
					"@executable_path/Frameworks",
				);
				PRODUCT_BUNDLE_IDENTIFIER = com.zcc.OrderManager;
				PRODUCT_NAME = "$(TARGET_NAME)";
				SWIFT_OBJC_BRIDGING_HEADER = "OrderManager/OrderManager-Bridging-Header.h";
				SWIFT_OPTIMIZATION_LEVEL = "-Onone";
				SWIFT_VERSION = 4.0;
				TARGETED_DEVICE_FAMILY = 1;
			};
			name = Debug;
		};
		F0962C5620F5CD250086B24A /* Release */ = {
			isa = XCBuildConfiguration;
			baseConfigurationReference = AAFDBFFB250B7C43C5FD306A /* Pods-OrderManager.release.xcconfig */;
			buildSettings = {
				ASSETCATALOG_COMPILER_APPICON_NAME = AppIcon;
				CLANG_ENABLE_MODULES = YES;
				CODE_SIGN_STYLE = Automatic;
				DEVELOPMENT_TEAM = 8W5UTYMJE7;
				GCC_PREFIX_HEADER = "$(SRCROOT)/OrderManager/PrefixHeader.h";
				INFOPLIST_FILE = OrderManager/Info.plist;
				IPHONEOS_DEPLOYMENT_TARGET = 9.0;
				LD_RUNPATH_SEARCH_PATHS = (
					"$(inherited)",
					"@executable_path/Frameworks",
				);
				PRODUCT_BUNDLE_IDENTIFIER = com.zcc.OrderManager;
				PRODUCT_NAME = "$(TARGET_NAME)";
				SWIFT_OBJC_BRIDGING_HEADER = "OrderManager/OrderManager-Bridging-Header.h";
				SWIFT_VERSION = 4.0;
				TARGETED_DEVICE_FAMILY = 1;
			};
			name = Release;
		};
/* End XCBuildConfiguration section */

/* Begin XCConfigurationList section */
		F0962C3D20F5CD240086B24A /* Build configuration list for PBXProject "OrderManager" */ = {
			isa = XCConfigurationList;
			buildConfigurations = (
				F0962C5220F5CD250086B24A /* Debug */,
				F0962C5320F5CD250086B24A /* Release */,
			);
			defaultConfigurationIsVisible = 0;
			defaultConfigurationName = Release;
		};
		F0962C5420F5CD250086B24A /* Build configuration list for PBXNativeTarget "OrderManager" */ = {
			isa = XCConfigurationList;
			buildConfigurations = (
				F0962C5520F5CD250086B24A /* Debug */,
				F0962C5620F5CD250086B24A /* Release */,
			);
			defaultConfigurationIsVisible = 0;
			defaultConfigurationName = Release;
		};
/* End XCConfigurationList section */
	};
	rootObject = F0962C3A20F5CD240086B24A /* Project object */;
}
