PODS:
  - Alamofire (4.8.1)
  - BmobSDK (2.3.1)

DEPENDENCIES:
  - Alamofire
  - BmobSDK

SPEC REPOS:
  https://github.com/cocoapods/specs.git:
    - Alamofire
    - BmobSDK

SPEC CHECKSUMS:
  Alamofire: 16ce2c353fb72865124ddae8a57c5942388f4f11
  BmobSDK: e0f9e4b451233a80af63a8ae4f2d239474bf567b

PODFILE CHECKSUM: 7bb1934cd618959b6d2e41683c7b0c8cc3c983e9

COCOAPODS: 1.6.0.beta.2
